dependencies:
- name: consul
  repository: ""
  version: 0.1.0
- name: frontend
  repository: ""
  version: 0.1.0
- name: geo
  repository: ""
  version: 0.1.0
- name: jaeger
  repository: ""
  version: 0.1.0
- name: memcached-profile
  repository: ""
  version: 0.1.0
- name: memcached-rate
  repository: ""
  version: 0.1.0
- name: memcached-reserve
  repository: ""
  version: 0.1.0
- name: mongodb-geo
  repository: ""
  version: 0.1.0
- name: mongodb-profile
  repository: ""
  version: 0.1.0
- name: mongodb-rate
  repository: ""
  version: 0.1.0
- name: mongodb-recommendation
  repository: ""
  version: 0.1.0
- name: mongodb-reservation
  repository: ""
  version: 0.1.0
- name: mongodb-user
  repository: ""
  version: 0.1.0
- name: mongodb-review
  repository: ""
  version: 0.1.0
- name: mongodb-flights
  repository: ""
  version: 0.1.0
- name: profile
  repository: ""
  version: 0.1.0
- name: rate
  repository: ""
  version: 0.1.0
- name: recommendation
  repository: ""
  version: 0.1.0
- name: reservation
  repository: ""
  version: 0.1.0
- name: search
  repository: ""
  version: 0.1.0
- name: user
  repository: ""
  version: 0.1.0
- name: flights
  repository: ""
  version: 0.1.0
- name: review
  repository: ""
  version: 0.1.0
- name: telemetry-alloy
  repository: ""
  version: 0.1.0
- name: telemetry-grafana
  repository: ""
  version: 0.1.0
- name: telemetry-loki
  repository: ""
  version: 0.1.0
- name: telemetry-tempo
  repository: ""
  version: 0.1.0
- name: telemetry-mimir
  repository: ""
  version: 0.1.0
- name: telemetry-pyroscope
  repository: ""
  version: 0.1.0
digest: sha256:6a7fbeaf00e4fefbdc1dcb52e45f7dc0ff26c26051e1c41ccc7de7faab4f5748
generated: "2025-03-24T11:05:14.900256+01:00"
