dependencies:
- name: consul
  repository: ""
  version: 0.1.0
- name: frontend
  repository: ""
  version: 0.1.0
- name: geo
  repository: ""
  version: 0.1.0
- name: jaeger
  repository: ""
  version: 0.1.0
- name: memcached-profile
  repository: ""
  version: 0.1.0
- name: memcached-rate
  repository: ""
  version: 0.1.0
- name: memcached-reserve
  repository: ""
  version: 0.1.0
- name: mongodb-geo
  repository: ""
  version: 0.1.0
- name: mongodb-profile
  repository: ""
  version: 0.1.0
- name: mongodb-rate
  repository: ""
  version: 0.1.0
- name: mongodb-recommendation
  repository: ""
  version: 0.1.0
- name: mongodb-reservation
  repository: ""
  version: 0.1.0
- name: mongodb-user
  repository: ""
  version: 0.1.0
- name: mongodb-review
  repository: ""
  version: 0.1.0
- name: mongodb-flights
  repository: ""
  version: 0.1.0
- name: profile
  repository: ""
  version: 0.1.0
- name: rate
  repository: ""
  version: 0.1.0
- name: recommendation
  repository: ""
  version: 0.1.0
- name: reservation
  repository: ""
  version: 0.1.0
- name: search
  repository: ""
  version: 0.1.0
- name: user
  repository: ""
  version: 0.1.0
- name: flights
  repository: ""
  version: 0.1.0
- name: review
  repository: ""
  version: 0.1.0
- name: lgtm-distributed
  repository: https://grafana.github.io/helm-charts
  version: 2.1.0
digest: sha256:ff3e3a92f28a9f321284632a66a265c1f6cfb5b97585bb15f559ce7ebb3fbe88
generated: "2025-03-24T11:48:25.240299+01:00"
